// !$*UTF8*$!
{
	archiveVersion = 1;
	classes = {
	};
	objectVersion = 50;
	objects = {

/* Begin PBXBuildFile section */
		842DC67A2CA645EF0052A9C3 /* starter.cpp in Sources */ = {isa = PBXBuildFile; fileRef = 842DC6782CA645EF0052A9C3 /* starter.cpp */; };
		84651B1A2C17ED4900817E28 /* completed.cpp in Sources */ = {isa = PBXBuildFile; fileRef = 84651B192C17ED4900817E28 /* completed.cpp */; };
		BF6AAD372CF414E900690510 /* Map.cpp in Sources */ = {isa = PBXBuildFile; fileRef = BF6AAD362CF414E900690510 /* Map.cpp */; };
		BF6AAD3A2CF4150900690510 /* Entity.cpp in Sources */ = {isa = PBXBuildFile; fileRef = BF6AAD392CF4150900690510 /* Entity.cpp */; };
		BF6AAD4D2CF4176500690510 /* enemy1.png in CopyFiles */ = {isa = PBXBuildFile; fileRef = BF6AAD3B2CF416FE00690510 /* enemy1.png */; };
		BF6AAD4E2CF4176700690510 /* enemy2.png in CopyFiles */ = {isa = PBXBuildFile; fileRef = BF6AAD3C2CF416FE00690510 /* enemy2.png */; };
		BF6AAD4F2CF4176800690510 /* enemy3.png in CopyFiles */ = {isa = PBXBuildFile; fileRef = BF6AAD3D2CF416FE00690510 /* enemy3.png */; };
		BF6AAD502CF4176900690510 /* font1.png in CopyFiles */ = {isa = PBXBuildFile; fileRef = BF6AAD3E2CF416FE00690510 /* font1.png */; };
		BF6AAD512CF4176C00690510 /* galactic.mp3 in CopyFiles */ = {isa = PBXBuildFile; fileRef = BF6AAD3F2CF416FE00690510 /* galactic.mp3 */; };
		BF6AAD522CF4176E00690510 /* new_tilemap.png in CopyFiles */ = {isa = PBXBuildFile; fileRef = BF6AAD402CF416FE00690510 /* new_tilemap.png */; };
		BF6AAD532CF4177000690510 /* retro-jump-3-236683.wav in CopyFiles */ = {isa = PBXBuildFile; fileRef = BF6AAD412CF416FE00690510 /* retro-jump-3-236683.wav */; };
		BF6AAD5C2CF418B100690510 /* Utility.cpp in Sources */ = {isa = PBXBuildFile; fileRef = BF6AAD5B2CF418B100690510 /* Utility.cpp */; };
		BF6AAD622CF4192F00690510 /* Scene.cpp in Sources */ = {isa = PBXBuildFile; fileRef = BF6AAD612CF4192F00690510 /* Scene.cpp */; };
		BF6AAD682CF502F700690510 /* Meow-Knight_Attack_3.png in CopyFiles */ = {isa = PBXBuildFile; fileRef = BF6AAD632CF43F1100690510 /* Meow-Knight_Attack_3.png */; };
		BF6AAD692CF502F700690510 /* Meow-Knight_Death.png in CopyFiles */ = {isa = PBXBuildFile; fileRef = BF6AAD642CF43F1100690510 /* Meow-Knight_Death.png */; };
		BF6AAD6A2CF502F700690510 /* Meow-Knight_Dodge.png in CopyFiles */ = {isa = PBXBuildFile; fileRef = BF6AAD652CF43F1100690510 /* Meow-Knight_Dodge.png */; };
		BF6AAD6B2CF502F700690510 /* Meow-Knight_Idle.png in CopyFiles */ = {isa = PBXBuildFile; fileRef = BF6AAD662CF43F1100690510 /* Meow-Knight_Idle.png */; };
		BF6AAD6C2CF502F700690510 /* Meow-Knight_Take_Damage.png in CopyFiles */ = {isa = PBXBuildFile; fileRef = BF6AAD672CF43F1100690510 /* Meow-Knight_Take_Damage.png */; };
		BF6AAD712CF503E900690510 /* LevelB.cpp in Sources */ = {isa = PBXBuildFile; fileRef = BF6AAD702CF503E900690510 /* LevelB.cpp */; };
		BF6AAD722CF503E900690510 /* LevelA.cpp in Sources */ = {isa = PBXBuildFile; fileRef = BF6AAD6E2CF503E900690510 /* LevelA.cpp */; };
		BF6AAD7B2CF5054A00690510 /* bounce.wav in CopyFiles */ = {isa = PBXBuildFile; fileRef = BF6AAD752CF504AD00690510 /* bounce.wav */; };
		BF6AAD7C2CF5054A00690510 /* dooblydoo.mp3 in CopyFiles */ = {isa = PBXBuildFile; fileRef = BF6AAD762CF504C200690510 /* dooblydoo.mp3 */; };
		BF6AAD7D2CF5054A00690510 /* george_0.png in CopyFiles */ = {isa = PBXBuildFile; fileRef = BF6AAD772CF504C200690510 /* george_0.png */; };
		BF6AAD7E2CF5054A00690510 /* platformPack_tile027.png in CopyFiles */ = {isa = PBXBuildFile; fileRef = BF6AAD782CF504C200690510 /* platformPack_tile027.png */; };
		BF6AAD7F2CF5054A00690510 /* soph.png in CopyFiles */ = {isa = PBXBuildFile; fileRef = BF6AAD792CF504C200690510 /* soph.png */; };
		BF6AAD802CF5054A00690510 /* tileset.png in CopyFiles */ = {isa = PBXBuildFile; fileRef = BF6AAD7A2CF504C200690510 /* tileset.png */; };
		DBDF1B532323DE3F007CECB1 /* main.cpp in Sources */ = {isa = PBXBuildFile; fileRef = DBDF1B522323DE3F007CECB1 /* main.cpp */; };
		DBDF1B5E2323DE8D007CECB1 /* ShaderProgram.cpp in Sources */ = {isa = PBXBuildFile; fileRef = DBDF1B5D2323DE8D007CECB1 /* ShaderProgram.cpp */; };
		DBDF1B612323DE9E007CECB1 /* shaders in CopyFiles */ = {isa = PBXBuildFile; fileRef = DBDF1B5C2323DE8D007CECB1 /* shaders */; };
		DBDF1B632323DEDA007CECB1 /* OpenGL.framework in Frameworks */ = {isa = PBXBuildFile; fileRef = DBDF1B622323DEDA007CECB1 /* OpenGL.framework */; };
		DBDF1B652323DEDF007CECB1 /* Cocoa.framework in Frameworks */ = {isa = PBXBuildFile; fileRef = DBDF1B642323DEDF007CECB1 /* Cocoa.framework */; };
		DBDF1B692323DEEA007CECB1 /* SDL2.framework in Frameworks */ = {isa = PBXBuildFile; fileRef = DBDF1B662323DEEA007CECB1 /* SDL2.framework */; };
		DBDF1B6A2323DEEA007CECB1 /* SDL2_image.framework in Frameworks */ = {isa = PBXBuildFile; fileRef = DBDF1B672323DEEA007CECB1 /* SDL2_image.framework */; };
		DBDF1B6B2323DEEA007CECB1 /* SDL2_mixer.framework in Frameworks */ = {isa = PBXBuildFile; fileRef = DBDF1B682323DEEA007CECB1 /* SDL2_mixer.framework */; };
/* End PBXBuildFile section */

/* Begin PBXCopyFilesBuildPhase section */
		DBDF1B4D2323DE3F007CECB1 /* CopyFiles */ = {
			isa = PBXCopyFilesBuildPhase;
			buildActionMask = 12;
			dstPath = "";
			dstSubfolderSpec = 6;
			files = (
				DBDF1B612323DE9E007CECB1 /* shaders in CopyFiles */,
				BF6AAD4D2CF4176500690510 /* enemy1.png in CopyFiles */,
				BF6AAD502CF4176900690510 /* font1.png in CopyFiles */,
				BF6AAD522CF4176E00690510 /* new_tilemap.png in CopyFiles */,
				BF6AAD4F2CF4176800690510 /* enemy3.png in CopyFiles */,
				BF6AAD682CF502F700690510 /* Meow-Knight_Attack_3.png in CopyFiles */,
				BF6AAD692CF502F700690510 /* Meow-Knight_Death.png in CopyFiles */,
				BF6AAD6A2CF502F700690510 /* Meow-Knight_Dodge.png in CopyFiles */,
				BF6AAD6B2CF502F700690510 /* Meow-Knight_Idle.png in CopyFiles */,
				BF6AAD7B2CF5054A00690510 /* bounce.wav in CopyFiles */,
				BF6AAD7C2CF5054A00690510 /* dooblydoo.mp3 in CopyFiles */,
				BF6AAD7D2CF5054A00690510 /* george_0.png in CopyFiles */,
				BF6AAD7E2CF5054A00690510 /* platformPack_tile027.png in CopyFiles */,
				BF6AAD7F2CF5054A00690510 /* soph.png in CopyFiles */,
				BF6AAD802CF5054A00690510 /* tileset.png in CopyFiles */,
				BF6AAD6C2CF502F700690510 /* Meow-Knight_Take_Damage.png in CopyFiles */,
				BF6AAD4E2CF4176700690510 /* enemy2.png in CopyFiles */,
				BF6AAD512CF4176C00690510 /* galactic.mp3 in CopyFiles */,
				BF6AAD532CF4177000690510 /* retro-jump-3-236683.wav in CopyFiles */,
			);
			runOnlyForDeploymentPostprocessing = 0;
		};
/* End PBXCopyFilesBuildPhase section */

/* Begin PBXFileReference section */
		842DC6782CA645EF0052A9C3 /* starter.cpp */ = {isa = PBXFileReference; lastKnownFileType = sourcecode.cpp.cpp; path = starter.cpp; sourceTree = "<group>"; };
		84651B192C17ED4900817E28 /* completed.cpp */ = {isa = PBXFileReference; lastKnownFileType = sourcecode.cpp.cpp; path = completed.cpp; sourceTree = "<group>"; };
		BF6AAD352CF414E900690510 /* Map.h */ = {isa = PBXFileReference; lastKnownFileType = sourcecode.c.h; path = Map.h; sourceTree = "<group>"; };
		BF6AAD362CF414E900690510 /* Map.cpp */ = {isa = PBXFileReference; lastKnownFileType = sourcecode.cpp.cpp; path = Map.cpp; sourceTree = "<group>"; };
		BF6AAD382CF4150900690510 /* Entity.h */ = {isa = PBXFileReference; lastKnownFileType = sourcecode.c.h; path = Entity.h; sourceTree = "<group>"; };
		BF6AAD392CF4150900690510 /* Entity.cpp */ = {isa = PBXFileReference; lastKnownFileType = sourcecode.cpp.cpp; path = Entity.cpp; sourceTree = "<group>"; };
		BF6AAD3B2CF416FE00690510 /* enemy1.png */ = {isa = PBXFileReference; lastKnownFileType = image.png; path = enemy1.png; sourceTree = "<group>"; };
		BF6AAD3C2CF416FE00690510 /* enemy2.png */ = {isa = PBXFileReference; lastKnownFileType = image.png; path = enemy2.png; sourceTree = "<group>"; };
		BF6AAD3D2CF416FE00690510 /* enemy3.png */ = {isa = PBXFileReference; lastKnownFileType = image.png; path = enemy3.png; sourceTree = "<group>"; };
		BF6AAD3E2CF416FE00690510 /* font1.png */ = {isa = PBXFileReference; lastKnownFileType = image.png; path = font1.png; sourceTree = "<group>"; };
		BF6AAD3F2CF416FE00690510 /* galactic.mp3 */ = {isa = PBXFileReference; lastKnownFileType = audio.mp3; path = galactic.mp3; sourceTree = "<group>"; };
		BF6AAD402CF416FE00690510 /* new_tilemap.png */ = {isa = PBXFileReference; lastKnownFileType = image.png; path = new_tilemap.png; sourceTree = "<group>"; };
		BF6AAD412CF416FE00690510 /* retro-jump-3-236683.wav */ = {isa = PBXFileReference; lastKnownFileType = audio.wav; path = "retro-jump-3-236683.wav"; sourceTree = "<group>"; };
		BF6AAD5A2CF418B100690510 /* Utility.h */ = {isa = PBXFileReference; lastKnownFileType = sourcecode.c.h; path = Utility.h; sourceTree = "<group>"; };
		BF6AAD5B2CF418B100690510 /* Utility.cpp */ = {isa = PBXFileReference; lastKnownFileType = sourcecode.cpp.cpp; path = Utility.cpp; sourceTree = "<group>"; };
		BF6AAD602CF4192F00690510 /* Scene.h */ = {isa = PBXFileReference; lastKnownFileType = sourcecode.c.h; path = Scene.h; sourceTree = "<group>"; };
		BF6AAD612CF4192F00690510 /* Scene.cpp */ = {isa = PBXFileReference; lastKnownFileType = sourcecode.cpp.cpp; path = Scene.cpp; sourceTree = "<group>"; };
		BF6AAD632CF43F1100690510 /* Meow-Knight_Attack_3.png */ = {isa = PBXFileReference; lastKnownFileType = image.png; path = "Meow-Knight_Attack_3.png"; sourceTree = "<group>"; };
		BF6AAD642CF43F1100690510 /* Meow-Knight_Death.png */ = {isa = PBXFileReference; lastKnownFileType = image.png; path = "Meow-Knight_Death.png"; sourceTree = "<group>"; };
		BF6AAD652CF43F1100690510 /* Meow-Knight_Dodge.png */ = {isa = PBXFileReference; lastKnownFileType = image.png; path = "Meow-Knight_Dodge.png"; sourceTree = "<group>"; };
		BF6AAD662CF43F1100690510 /* Meow-Knight_Idle.png */ = {isa = PBXFileReference; lastKnownFileType = image.png; path = "Meow-Knight_Idle.png"; sourceTree = "<group>"; };
		BF6AAD672CF43F1100690510 /* Meow-Knight_Take_Damage.png */ = {isa = PBXFileReference; lastKnownFileType = image.png; path = "Meow-Knight_Take_Damage.png"; sourceTree = "<group>"; };
		BF6AAD6D2CF503E900690510 /* LevelA.h */ = {isa = PBXFileReference; lastKnownFileType = sourcecode.c.h; path = LevelA.h; sourceTree = "<group>"; };
		BF6AAD6E2CF503E900690510 /* LevelA.cpp */ = {isa = PBXFileReference; lastKnownFileType = sourcecode.cpp.cpp; path = LevelA.cpp; sourceTree = "<group>"; };
		BF6AAD6F2CF503E900690510 /* LevelB.h */ = {isa = PBXFileReference; lastKnownFileType = sourcecode.c.h; path = LevelB.h; sourceTree = "<group>"; };
		BF6AAD702CF503E900690510 /* LevelB.cpp */ = {isa = PBXFileReference; lastKnownFileType = sourcecode.cpp.cpp; path = LevelB.cpp; sourceTree = "<group>"; };
		BF6AAD752CF504AD00690510 /* bounce.wav */ = {isa = PBXFileReference; lastKnownFileType = audio.wav; path = bounce.wav; sourceTree = "<group>"; };
		BF6AAD762CF504C200690510 /* dooblydoo.mp3 */ = {isa = PBXFileReference; lastKnownFileType = audio.mp3; path = dooblydoo.mp3; sourceTree = "<group>"; };
		BF6AAD772CF504C200690510 /* george_0.png */ = {isa = PBXFileReference; lastKnownFileType = image.png; path = george_0.png; sourceTree = "<group>"; };
		BF6AAD782CF504C200690510 /* platformPack_tile027.png */ = {isa = PBXFileReference; lastKnownFileType = image.png; path = platformPack_tile027.png; sourceTree = "<group>"; };
		BF6AAD792CF504C200690510 /* soph.png */ = {isa = PBXFileReference; lastKnownFileType = image.png; path = soph.png; sourceTree = "<group>"; };
		BF6AAD7A2CF504C200690510 /* tileset.png */ = {isa = PBXFileReference; lastKnownFileType = image.png; path = tileset.png; sourceTree = "<group>"; };
		DBDF1B4F2323DE3F007CECB1 /* Project5 */ = {isa = PBXFileReference; explicitFileType = "compiled.mach-o.executable"; includeInIndex = 0; path = Project5; sourceTree = BUILT_PRODUCTS_DIR; };
		DBDF1B522323DE3F007CECB1 /* main.cpp */ = {isa = PBXFileReference; lastKnownFileType = sourcecode.cpp.cpp; path = main.cpp; sourceTree = "<group>"; };
		DBDF1B592323DE8D007CECB1 /* ShaderProgram.h */ = {isa = PBXFileReference; fileEncoding = 4; lastKnownFileType = sourcecode.c.h; path = ShaderProgram.h; sourceTree = "<group>"; };
		DBDF1B5A2323DE8D007CECB1 /* stb_image.h */ = {isa = PBXFileReference; fileEncoding = 4; lastKnownFileType = sourcecode.c.h; path = stb_image.h; sourceTree = "<group>"; };
		DBDF1B5B2323DE8D007CECB1 /* glm */ = {isa = PBXFileReference; lastKnownFileType = folder; path = glm; sourceTree = "<group>"; };
		DBDF1B5C2323DE8D007CECB1 /* shaders */ = {isa = PBXFileReference; lastKnownFileType = folder; path = shaders; sourceTree = "<group>"; };
		DBDF1B5D2323DE8D007CECB1 /* ShaderProgram.cpp */ = {isa = PBXFileReference; fileEncoding = 4; lastKnownFileType = sourcecode.cpp.cpp; path = ShaderProgram.cpp; sourceTree = "<group>"; };
		DBDF1B622323DEDA007CECB1 /* OpenGL.framework */ = {isa = PBXFileReference; lastKnownFileType = wrapper.framework; name = OpenGL.framework; path = System/Library/Frameworks/OpenGL.framework; sourceTree = SDKROOT; };
		DBDF1B642323DEDF007CECB1 /* Cocoa.framework */ = {isa = PBXFileReference; lastKnownFileType = wrapper.framework; name = Cocoa.framework; path = System/Library/Frameworks/Cocoa.framework; sourceTree = SDKROOT; };
		DBDF1B662323DEEA007CECB1 /* SDL2.framework */ = {isa = PBXFileReference; lastKnownFileType = wrapper.framework; name = SDL2.framework; path = ../../../../../Library/Frameworks/SDL2.framework; sourceTree = "<group>"; };
		DBDF1B672323DEEA007CECB1 /* SDL2_image.framework */ = {isa = PBXFileReference; lastKnownFileType = wrapper.framework; name = SDL2_image.framework; path = ../../../../../Library/Frameworks/SDL2_image.framework; sourceTree = "<group>"; };
		DBDF1B682323DEEA007CECB1 /* SDL2_mixer.framework */ = {isa = PBXFileReference; lastKnownFileType = wrapper.framework; name = SDL2_mixer.framework; path = ../../../../../Library/Frameworks/SDL2_mixer.framework; sourceTree = "<group>"; };
/* End PBXFileReference section */

/* Begin PBXFrameworksBuildPhase section */
		DBDF1B4C2323DE3F007CECB1 /* Frameworks */ = {
			isa = PBXFrameworksBuildPhase;
			buildActionMask = 2147483647;
			files = (
				DBDF1B652323DEDF007CECB1 /* Cocoa.framework in Frameworks */,
				DBDF1B632323DEDA007CECB1 /* OpenGL.framework in Frameworks */,
				DBDF1B692323DEEA007CECB1 /* SDL2.framework in Frameworks */,
				DBDF1B6A2323DEEA007CECB1 /* SDL2_image.framework in Frameworks */,
				DBDF1B6B2323DEEA007CECB1 /* SDL2_mixer.framework in Frameworks */,
			);
			runOnlyForDeploymentPostprocessing = 0;
		};
/* End PBXFrameworksBuildPhase section */

/* Begin PBXGroup section */
		84651B182C17ED2400817E28 /* files */ = {
			isa = PBXGroup;
			children = (
				84651B192C17ED4900817E28 /* completed.cpp */,
				842DC6782CA645EF0052A9C3 /* starter.cpp */,
			);
			path = files;
			sourceTree = "<group>";
		};
		DBDF1B462323DE3F007CECB1 = {
			isa = PBXGroup;
			children = (
				DBDF1B512323DE3F007CECB1 /* Project5 */,
				DBDF1B502323DE3F007CECB1 /* Products */,
				DBDF1B5F2323DE92007CECB1 /* Frameworks */,
			);
			sourceTree = "<group>";
		};
		DBDF1B502323DE3F007CECB1 /* Products */ = {
			isa = PBXGroup;
			children = (
				DBDF1B4F2323DE3F007CECB1 /* Project5 */,
			);
			name = Products;
			sourceTree = "<group>";
		};
		DBDF1B512323DE3F007CECB1 /* Project5 */ = {
			isa = PBXGroup;
			children = (
				BF6AAD6D2CF503E900690510 /* LevelA.h */,
				BF6AAD6E2CF503E900690510 /* LevelA.cpp */,
				BF6AAD6F2CF503E900690510 /* LevelB.h */,
				BF6AAD702CF503E900690510 /* LevelB.cpp */,
				BF6AAD5A2CF418B100690510 /* Utility.h */,
				BF6AAD5B2CF418B100690510 /* Utility.cpp */,
				84651B182C17ED2400817E28 /* files */,
				DBDF1B5B2323DE8D007CECB1 /* glm */,
				DBDF1B5D2323DE8D007CECB1 /* ShaderProgram.cpp */,
				DBDF1B592323DE8D007CECB1 /* ShaderProgram.h */,
				DBDF1B5C2323DE8D007CECB1 /* shaders */,
				DBDF1B5A2323DE8D007CECB1 /* stb_image.h */,
				DBDF1B522323DE3F007CECB1 /* main.cpp */,
				BF6AAD352CF414E900690510 /* Map.h */,
				BF6AAD362CF414E900690510 /* Map.cpp */,
				BF6AAD382CF4150900690510 /* Entity.h */,
				BF6AAD392CF4150900690510 /* Entity.cpp */,
				BF6AAD3B2CF416FE00690510 /* enemy1.png */,
				BF6AAD3C2CF416FE00690510 /* enemy2.png */,
				BF6AAD3D2CF416FE00690510 /* enemy3.png */,
				BF6AAD3E2CF416FE00690510 /* font1.png */,
				BF6AAD3F2CF416FE00690510 /* galactic.mp3 */,
				BF6AAD402CF416FE00690510 /* new_tilemap.png */,
				BF6AAD412CF416FE00690510 /* retro-jump-3-236683.wav */,
				BF6AAD602CF4192F00690510 /* Scene.h */,
				BF6AAD612CF4192F00690510 /* Scene.cpp */,
				BF6AAD632CF43F1100690510 /* Meow-Knight_Attack_3.png */,
				BF6AAD642CF43F1100690510 /* Meow-Knight_Death.png */,
				BF6AAD652CF43F1100690510 /* Meow-Knight_Dodge.png */,
				BF6AAD662CF43F1100690510 /* Meow-Knight_Idle.png */,
				BF6AAD672CF43F1100690510 /* Meow-Knight_Take_Damage.png */,
				BF6AAD752CF504AD00690510 /* bounce.wav */,
				BF6AAD762CF504C200690510 /* dooblydoo.mp3 */,
				BF6AAD772CF504C200690510 /* george_0.png */,
				BF6AAD782CF504C200690510 /* platformPack_tile027.png */,
				BF6AAD792CF504C200690510 /* soph.png */,
				BF6AAD7A2CF504C200690510 /* tileset.png */,
			);
			path = Project5;
			sourceTree = "<group>";
		};
		DBDF1B5F2323DE92007CECB1 /* Frameworks */ = {
			isa = PBXGroup;
			children = (
				DBDF1B672323DEEA007CECB1 /* SDL2_image.framework */,
				DBDF1B682323DEEA007CECB1 /* SDL2_mixer.framework */,
				DBDF1B662323DEEA007CECB1 /* SDL2.framework */,
				DBDF1B642323DEDF007CECB1 /* Cocoa.framework */,
				DBDF1B622323DEDA007CECB1 /* OpenGL.framework */,
			);
			name = Frameworks;
			sourceTree = "<group>";
		};
/* End PBXGroup section */

/* Begin PBXNativeTarget section */
		DBDF1B4E2323DE3F007CECB1 /* Project5 */ = {
			isa = PBXNativeTarget;
			buildConfigurationList = DBDF1B562323DE3F007CECB1 /* Build configuration list for PBXNativeTarget "Project5" */;
			buildPhases = (
				DBDF1B4B2323DE3F007CECB1 /* Sources */,
				DBDF1B4C2323DE3F007CECB1 /* Frameworks */,
				DBDF1B4D2323DE3F007CECB1 /* CopyFiles */,
			);
			buildRules = (
			);
			dependencies = (
			);
			name = Project5;
			productName = SDLProject;
			productReference = DBDF1B4F2323DE3F007CECB1 /* Project5 */;
			productType = "com.apple.product-type.tool";
		};
/* End PBXNativeTarget section */

/* Begin PBXProject section */
		DBDF1B472323DE3F007CECB1 /* Project object */ = {
			isa = PBXProject;
			attributes = {
				LastUpgradeCheck = 1030;
				ORGANIZATIONNAME = ctg;
				TargetAttributes = {
					DBDF1B4E2323DE3F007CECB1 = {
						CreatedOnToolsVersion = 10.3;
						LastSwiftMigration = 1600;
					};
				};
			};
			buildConfigurationList = DBDF1B4A2323DE3F007CECB1 /* Build configuration list for PBXProject "Project5" */;
			compatibilityVersion = "Xcode 9.3";
			developmentRegion = en;
			hasScannedForEncodings = 0;
			knownRegions = (
				en,
			);
			mainGroup = DBDF1B462323DE3F007CECB1;
			productRefGroup = DBDF1B502323DE3F007CECB1 /* Products */;
			projectDirPath = "";
			projectRoot = "";
			targets = (
				DBDF1B4E2323DE3F007CECB1 /* Project5 */,
			);
		};
/* End PBXProject section */

/* Begin PBXSourcesBuildPhase section */
		DBDF1B4B2323DE3F007CECB1 /* Sources */ = {
			isa = PBXSourcesBuildPhase;
			buildActionMask = 2147483647;
			files = (
				84651B1A2C17ED4900817E28 /* completed.cpp in Sources */,
				BF6AAD372CF414E900690510 /* Map.cpp in Sources */,
				842DC67A2CA645EF0052A9C3 /* starter.cpp in Sources */,
				DBDF1B532323DE3F007CECB1 /* main.cpp in Sources */,
				BF6AAD3A2CF4150900690510 /* Entity.cpp in Sources */,
				BF6AAD712CF503E900690510 /* LevelB.cpp in Sources */,
				BF6AAD722CF503E900690510 /* LevelA.cpp in Sources */,
				BF6AAD5C2CF418B100690510 /* Utility.cpp in Sources */,
				BF6AAD622CF4192F00690510 /* Scene.cpp in Sources */,
				DBDF1B5E2323DE8D007CECB1 /* ShaderProgram.cpp in Sources */,
			);
			runOnlyForDeploymentPostprocessing = 0;
		};
/* End PBXSourcesBuildPhase section */

/* Begin XCBuildConfiguration section */
		DBDF1B542323DE3F007CECB1 /* Debug */ = {
			isa = XCBuildConfiguration;
			buildSettings = {
				ALWAYS_SEARCH_USER_PATHS = NO;
				CLANG_ANALYZER_NONNULL = YES;
				CLANG_ANALYZER_NUMBER_OBJECT_CONVERSION = YES_AGGRESSIVE;
				CLANG_CXX_LANGUAGE_STANDARD = "gnu++14";
				CLANG_CXX_LIBRARY = "libc++";
				CLANG_ENABLE_MODULES = YES;
				CLANG_ENABLE_OBJC_ARC = YES;
				CLANG_ENABLE_OBJC_WEAK = YES;
				CLANG_WARN_BLOCK_CAPTURE_AUTORELEASING = YES;
				CLANG_WARN_BOOL_CONVERSION = YES;
				CLANG_WARN_COMMA = YES;
				CLANG_WARN_CONSTANT_CONVERSION = YES;
				CLANG_WARN_DEPRECATED_OBJC_IMPLEMENTATIONS = YES;
				CLANG_WARN_DIRECT_OBJC_ISA_USAGE = YES_ERROR;
				CLANG_WARN_DOCUMENTATION_COMMENTS = YES;
				CLANG_WARN_EMPTY_BODY = YES;
				CLANG_WARN_ENUM_CONVERSION = YES;
				CLANG_WARN_INFINITE_RECURSION = YES;
				CLANG_WARN_INT_CONVERSION = YES;
				CLANG_WARN_NON_LITERAL_NULL_CONVERSION = YES;
				CLANG_WARN_OBJC_IMPLICIT_RETAIN_SELF = YES;
				CLANG_WARN_OBJC_LITERAL_CONVERSION = YES;
				CLANG_WARN_OBJC_ROOT_CLASS = YES_ERROR;
				CLANG_WARN_RANGE_LOOP_ANALYSIS = YES;
				CLANG_WARN_STRICT_PROTOTYPES = YES;
				CLANG_WARN_SUSPICIOUS_MOVE = YES;
				CLANG_WARN_UNGUARDED_AVAILABILITY = YES_AGGRESSIVE;
				CLANG_WARN_UNREACHABLE_CODE = YES;
				CLANG_WARN__DUPLICATE_METHOD_MATCH = YES;
				CODE_SIGN_IDENTITY = "-";
				COPY_PHASE_STRIP = NO;
				DEBUG_INFORMATION_FORMAT = dwarf;
				ENABLE_STRICT_OBJC_MSGSEND = YES;
				ENABLE_TESTABILITY = YES;
				GCC_C_LANGUAGE_STANDARD = gnu11;
				GCC_DYNAMIC_NO_PIC = NO;
				GCC_NO_COMMON_BLOCKS = YES;
				GCC_OPTIMIZATION_LEVEL = 0;
				GCC_PREPROCESSOR_DEFINITIONS = (
					"DEBUG=1",
					"$(inherited)",
				);
				GCC_WARN_64_TO_32_BIT_CONVERSION = YES;
				GCC_WARN_ABOUT_RETURN_TYPE = YES_ERROR;
				GCC_WARN_UNDECLARED_SELECTOR = YES;
				GCC_WARN_UNINITIALIZED_AUTOS = YES_AGGRESSIVE;
				GCC_WARN_UNUSED_FUNCTION = YES;
				GCC_WARN_UNUSED_VARIABLE = YES;
				MACOSX_DEPLOYMENT_TARGET = 10.14;
				MTL_ENABLE_DEBUG_INFO = INCLUDE_SOURCE;
				MTL_FAST_MATH = YES;
				ONLY_ACTIVE_ARCH = YES;
				SDKROOT = macosx;
			};
			name = Debug;
		};
		DBDF1B552323DE3F007CECB1 /* Release */ = {
			isa = XCBuildConfiguration;
			buildSettings = {
				ALWAYS_SEARCH_USER_PATHS = NO;
				CLANG_ANALYZER_NONNULL = YES;
				CLANG_ANALYZER_NUMBER_OBJECT_CONVERSION = YES_AGGRESSIVE;
				CLANG_CXX_LANGUAGE_STANDARD = "gnu++14";
				CLANG_CXX_LIBRARY = "libc++";
				CLANG_ENABLE_MODULES = YES;
				CLANG_ENABLE_OBJC_ARC = YES;
				CLANG_ENABLE_OBJC_WEAK = YES;
				CLANG_WARN_BLOCK_CAPTURE_AUTORELEASING = YES;
				CLANG_WARN_BOOL_CONVERSION = YES;
				CLANG_WARN_COMMA = YES;
				CLANG_WARN_CONSTANT_CONVERSION = YES;
				CLANG_WARN_DEPRECATED_OBJC_IMPLEMENTATIONS = YES;
				CLANG_WARN_DIRECT_OBJC_ISA_USAGE = YES_ERROR;
				CLANG_WARN_DOCUMENTATION_COMMENTS = YES;
				CLANG_WARN_EMPTY_BODY = YES;
				CLANG_WARN_ENUM_CONVERSION = YES;
				CLANG_WARN_INFINITE_RECURSION = YES;
				CLANG_WARN_INT_CONVERSION = YES;
				CLANG_WARN_NON_LITERAL_NULL_CONVERSION = YES;
				CLANG_WARN_OBJC_IMPLICIT_RETAIN_SELF = YES;
				CLANG_WARN_OBJC_LITERAL_CONVERSION = YES;
				CLANG_WARN_OBJC_ROOT_CLASS = YES_ERROR;
				CLANG_WARN_RANGE_LOOP_ANALYSIS = YES;
				CLANG_WARN_STRICT_PROTOTYPES = YES;
				CLANG_WARN_SUSPICIOUS_MOVE = YES;
				CLANG_WARN_UNGUARDED_AVAILABILITY = YES_AGGRESSIVE;
				CLANG_WARN_UNREACHABLE_CODE = YES;
				CLANG_WARN__DUPLICATE_METHOD_MATCH = YES;
				CODE_SIGN_IDENTITY = "-";
				COPY_PHASE_STRIP = NO;
				DEBUG_INFORMATION_FORMAT = "dwarf-with-dsym";
				ENABLE_NS_ASSERTIONS = NO;
				ENABLE_STRICT_OBJC_MSGSEND = YES;
				GCC_C_LANGUAGE_STANDARD = gnu11;
				GCC_NO_COMMON_BLOCKS = YES;
				GCC_WARN_64_TO_32_BIT_CONVERSION = YES;
				GCC_WARN_ABOUT_RETURN_TYPE = YES_ERROR;
				GCC_WARN_UNDECLARED_SELECTOR = YES;
				GCC_WARN_UNINITIALIZED_AUTOS = YES_AGGRESSIVE;
				GCC_WARN_UNUSED_FUNCTION = YES;
				GCC_WARN_UNUSED_VARIABLE = YES;
				MACOSX_DEPLOYMENT_TARGET = 10.14;
				MTL_ENABLE_DEBUG_INFO = NO;
				MTL_FAST_MATH = YES;
				SDKROOT = macosx;
			};
			name = Release;
		};
		DBDF1B572323DE3F007CECB1 /* Debug */ = {
			isa = XCBuildConfiguration;
			buildSettings = {
				CLANG_ENABLE_MODULES = YES;
				CODE_SIGN_STYLE = Automatic;
				FRAMEWORK_SEARCH_PATHS = (
					"$(inherited)",
					"$(LOCAL_LIBRARY_DIR)/Frameworks",
				);
				HEADER_SEARCH_PATHS = (
					/Library/Frameworks/SDL2_image.framework/Versions/A/Headers,
					/Library/Frameworks/SDL2.framework/Versions/A/Headers,
					/Library/Frameworks/SDL2_mixer.framework/Versions/A/Headers,
				);
				"HEADER_SEARCH_PATHS[arch=*]" = (
					/Library/Frameworks/SDL2_image.framework/Versions/A/Headers,
					/Library/Frameworks/SDL2.framework/Versions/A/Headers,
					/Library/Frameworks/SDL2_mixer.framework/Versions/A/Headers,
				);
				PRODUCT_NAME = "$(TARGET_NAME)";
				SWIFT_OPTIMIZATION_LEVEL = "-Onone";
				SWIFT_VERSION = 6.0;
			};
			name = Debug;
		};
		DBDF1B582323DE3F007CECB1 /* Release */ = {
			isa = XCBuildConfiguration;
			buildSettings = {
				CLANG_ENABLE_MODULES = YES;
				CODE_SIGN_STYLE = Automatic;
				FRAMEWORK_SEARCH_PATHS = (
					"$(inherited)",
					"$(LOCAL_LIBRARY_DIR)/Frameworks",
				);
				HEADER_SEARCH_PATHS = (
					/Library/Frameworks/SDL2_image.framework/Versions/A/Headers,
					/Library/Frameworks/SDL2.framework/Versions/A/Headers,
					/Library/Frameworks/SDL2_mixer.framework/Versions/A/Headers,
				);
				"HEADER_SEARCH_PATHS[arch=*]" = (
					/Library/Frameworks/SDL2_image.framework/Versions/A/Headers,
					/Library/Frameworks/SDL2.framework/Versions/A/Headers,
					/Library/Frameworks/SDL2_mixer.framework/Versions/A/Headers,
				);
				PRODUCT_NAME = "$(TARGET_NAME)";
				SWIFT_VERSION = 6.0;
			};
			name = Release;
		};
/* End XCBuildConfiguration section */

/* Begin XCConfigurationList section */
		DBDF1B4A2323DE3F007CECB1 /* Build configuration list for PBXProject "Project5" */ = {
			isa = XCConfigurationList;
			buildConfigurations = (
				DBDF1B542323DE3F007CECB1 /* Debug */,
				DBDF1B552323DE3F007CECB1 /* Release */,
			);
			defaultConfigurationIsVisible = 0;
			defaultConfigurationName = Release;
		};
		DBDF1B562323DE3F007CECB1 /* Build configuration list for PBXNativeTarget "Project5" */ = {
			isa = XCConfigurationList;
			buildConfigurations = (
				DBDF1B572323DE3F007CECB1 /* Debug */,
				DBDF1B582323DE3F007CECB1 /* Release */,
			);
			defaultConfigurationIsVisible = 0;
			defaultConfigurationName = Release;
		};
/* End XCConfigurationList section */
	};
	rootObject = DBDF1B472323DE3F007CECB1 /* Project object */;
}
